// !$*UTF8*$!
{
	archiveVersion = 1;
	classes = {
	};
	objectVersion = 46;
	objects = {

/* Begin PBXBuildFile section */
		5F1D20071450A8FD79261140 /* libPods-textfield.a in Frameworks */ = {isa = PBXBuildFile; fileRef = 4D89B03F34A037064C6E3F10 /* libPods-textfield.a */; };
		C14529F41D6409CB0079361C /* LoginViewTextField.m in Sources */ = {isa = PBXBuildFile; fileRef = C14529F31D6409CB0079361C /* LoginViewTextField.m */; };
		C14529F71D6414800079361C /* sn_Cancel@2x.png in Resources */ = {isa = PBXBuildFile; fileRef = C14529F51D6414800079361C /* sn_Cancel@2x.png */; };
		C14529F81D6414800079361C /* sn_ic_key@2x.png in Resources */ = {isa = PBXBuildFile; fileRef = C14529F61D6414800079361C /* sn_ic_key@2x.png */; };
		CB17270D1D20B7FE005DBE25 /* main.m in Sources */ = {isa = PBXBuildFile; fileRef = CB17270C1D20B7FE005DBE25 /* main.m */; };
		CB1727101D20B7FE005DBE25 /* AppDelegate.m in Sources */ = {isa = PBXBuildFile; fileRef = CB17270F1D20B7FE005DBE25 /* AppDelegate.m */; };
		CB1727131D20B7FE005DBE25 /* ViewController.m in Sources */ = {isa = PBXBuildFile; fileRef = CB1727121D20B7FE005DBE25 /* ViewController.m */; };
		CB1727161D20B7FE005DBE25 /* Main.storyboard in Resources */ = {isa = PBXBuildFile; fileRef = CB1727141D20B7FE005DBE25 /* Main.storyboard */; };
		CB1727181D20B7FE005DBE25 /* Assets.xcassets in Resources */ = {isa = PBXBuildFile; fileRef = CB1727171D20B7FE005DBE25 /* Assets.xcassets */; };
		CB17271B1D20B7FE005DBE25 /* LaunchScreen.storyboard in Resources */ = {isa = PBXBuildFile; fileRef = CB1727191D20B7FE005DBE25 /* LaunchScreen.storyboard */; };
		CB1727261D20B7FE005DBE25 /* textfield__________UITests.m in Sources */ = {isa = PBXBuildFile; fileRef = CB1727251D20B7FE005DBE25 /* textfield__________UITests.m */; };
		CB1727321D20B945005DBE25 /* NSString+Tools.m in Sources */ = {isa = PBXBuildFile; fileRef = CB1727311D20B945005DBE25 /* NSString+Tools.m */; };
/* End PBXBuildFile section */

/* Begin PBXContainerItemProxy section */
		CB1727221D20B7FE005DBE25 /* PBXContainerItemProxy */ = {
			isa = PBXContainerItemProxy;
			containerPortal = CB1727001D20B7FE005DBE25 /* Project object */;
			proxyType = 1;
			remoteGlobalIDString = CB1727071D20B7FE005DBE25;
			remoteInfo = "textfield只允许输入固定的个数";
		};
/* End PBXContainerItemProxy section */

/* Begin PBXFileReference section */
		4D89B03F34A037064C6E3F10 /* libPods-textfield.a */ = {isa = PBXFileReference; explicitFileType = archive.ar; includeInIndex = 0; path = "libPods-textfield.a"; sourceTree = BUILT_PRODUCTS_DIR; };
		5D0649ACED2FD878E640D984 /* Pods-textfield.release.xcconfig */ = {isa = PBXFileReference; includeInIndex = 1; lastKnownFileType = text.xcconfig; name = "Pods-textfield.release.xcconfig"; path = "Pods/Target Support Files/Pods-textfield/Pods-textfield.release.xcconfig"; sourceTree = "<group>"; };
		9873716429397AF399C9EB38 /* Pods-textfield.debug.xcconfig */ = {isa = PBXFileReference; includeInIndex = 1; lastKnownFileType = text.xcconfig; name = "Pods-textfield.debug.xcconfig"; path = "Pods/Target Support Files/Pods-textfield/Pods-textfield.debug.xcconfig"; sourceTree = "<group>"; };
		C14529F21D6409CB0079361C /* LoginViewTextField.h */ = {isa = PBXFileReference; fileEncoding = 4; lastKnownFileType = sourcecode.c.h; path = LoginViewTextField.h; sourceTree = "<group>"; };
		C14529F31D6409CB0079361C /* LoginViewTextField.m */ = {isa = PBXFileReference; fileEncoding = 4; lastKnownFileType = sourcecode.c.objc; path = LoginViewTextField.m; sourceTree = "<group>"; };
		C14529F51D6414800079361C /* sn_Cancel@2x.png */ = {isa = PBXFileReference; lastKnownFileType = image.png; path = "sn_Cancel@2x.png"; sourceTree = "<group>"; };
		C14529F61D6414800079361C /* sn_ic_key@2x.png */ = {isa = PBXFileReference; lastKnownFileType = image.png; path = "sn_ic_key@2x.png"; sourceTree = "<group>"; };
		CB1727081D20B7FE005DBE25 /* MyTest.app */ = {isa = PBXFileReference; explicitFileType = wrapper.application; includeInIndex = 0; path = MyTest.app; sourceTree = BUILT_PRODUCTS_DIR; };
		CB17270C1D20B7FE005DBE25 /* main.m */ = {isa = PBXFileReference; lastKnownFileType = sourcecode.c.objc; path = main.m; sourceTree = "<group>"; };
		CB17270E1D20B7FE005DBE25 /* AppDelegate.h */ = {isa = PBXFileReference; lastKnownFileType = sourcecode.c.h; path = AppDelegate.h; sourceTree = "<group>"; };
		CB17270F1D20B7FE005DBE25 /* AppDelegate.m */ = {isa = PBXFileReference; lastKnownFileType = sourcecode.c.objc; path = AppDelegate.m; sourceTree = "<group>"; };
		CB1727111D20B7FE005DBE25 /* ViewController.h */ = {isa = PBXFileReference; lastKnownFileType = sourcecode.c.h; path = ViewController.h; sourceTree = "<group>"; };
		CB1727121D20B7FE005DBE25 /* ViewController.m */ = {isa = PBXFileReference; lastKnownFileType = sourcecode.c.objc; path = ViewController.m; sourceTree = "<group>"; };
		CB1727151D20B7FE005DBE25 /* Base */ = {isa = PBXFileReference; lastKnownFileType = file.storyboard; name = Base; path = Base.lproj/Main.storyboard; sourceTree = "<group>"; };
		CB1727171D20B7FE005DBE25 /* Assets.xcassets */ = {isa = PBXFileReference; lastKnownFileType = folder.assetcatalog; path = Assets.xcassets; sourceTree = "<group>"; };
		CB17271A1D20B7FE005DBE25 /* Base */ = {isa = PBXFileReference; lastKnownFileType = file.storyboard; name = Base; path = Base.lproj/LaunchScreen.storyboard; sourceTree = "<group>"; };
		CB17271C1D20B7FE005DBE25 /* Info.plist */ = {isa = PBXFileReference; lastKnownFileType = text.plist.xml; path = Info.plist; sourceTree = "<group>"; };
		CB1727211D20B7FE005DBE25 /* MyTest.xctest */ = {isa = PBXFileReference; explicitFileType = wrapper.cfbundle; includeInIndex = 0; path = MyTest.xctest; sourceTree = BUILT_PRODUCTS_DIR; };
		CB1727251D20B7FE005DBE25 /* textfield__________UITests.m */ = {isa = PBXFileReference; lastKnownFileType = sourcecode.c.objc; path = "textfield__________UITests.m"; sourceTree = "<group>"; };
		CB1727271D20B7FE005DBE25 /* Info.plist */ = {isa = PBXFileReference; lastKnownFileType = text.plist.xml; path = Info.plist; sourceTree = "<group>"; };
		CB1727301D20B945005DBE25 /* NSString+Tools.h */ = {isa = PBXFileReference; fileEncoding = 4; lastKnownFileType = sourcecode.c.h; path = "NSString+Tools.h"; sourceTree = "<group>"; };
		CB1727311D20B945005DBE25 /* NSString+Tools.m */ = {isa = PBXFileReference; fileEncoding = 4; lastKnownFileType = sourcecode.c.objc; path = "NSString+Tools.m"; sourceTree = "<group>"; };
/* End PBXFileReference section */

/* Begin PBXFrameworksBuildPhase section */
		CB1727051D20B7FE005DBE25 /* Frameworks */ = {
			isa = PBXFrameworksBuildPhase;
			buildActionMask = 2147483647;
			files = (
				5F1D20071450A8FD79261140 /* libPods-textfield.a in Frameworks */,
			);
			runOnlyForDeploymentPostprocessing = 0;
		};
		CB17271E1D20B7FE005DBE25 /* Frameworks */ = {
			isa = PBXFrameworksBuildPhase;
			buildActionMask = 2147483647;
			files = (
			);
			runOnlyForDeploymentPostprocessing = 0;
		};
/* End PBXFrameworksBuildPhase section */

/* Begin PBXGroup section */
		00D274D3EE56870B302ABD07 /* Frameworks */ = {
			isa = PBXGroup;
			children = (
				4D89B03F34A037064C6E3F10 /* libPods-textfield.a */,
			);
			name = Frameworks;
			sourceTree = "<group>";
		};
		54CE1CBDEF2669BA06D53186 /* Pods */ = {
			isa = PBXGroup;
			children = (
				9873716429397AF399C9EB38 /* Pods-textfield.debug.xcconfig */,
				5D0649ACED2FD878E640D984 /* Pods-textfield.release.xcconfig */,
			);
			name = Pods;
			sourceTree = "<group>";
		};
		CB1726FF1D20B7FE005DBE25 = {
			isa = PBXGroup;
			children = (
				CB17270A1D20B7FE005DBE25 /* textfield */,
				CB1727241D20B7FE005DBE25 /* textfield只允许输入固定的个数UITests */,
				CB1727091D20B7FE005DBE25 /* Products */,
				54CE1CBDEF2669BA06D53186 /* Pods */,
				00D274D3EE56870B302ABD07 /* Frameworks */,
			);
			sourceTree = "<group>";
		};
		CB1727091D20B7FE005DBE25 /* Products */ = {
			isa = PBXGroup;
			children = (
				CB1727081D20B7FE005DBE25 /* MyTest.app */,
				CB1727211D20B7FE005DBE25 /* MyTest.xctest */,
			);
			name = Products;
			sourceTree = "<group>";
		};
		CB17270A1D20B7FE005DBE25 /* textfield */ = {
			isa = PBXGroup;
			children = (
				CB1727301D20B945005DBE25 /* NSString+Tools.h */,
				C14529F21D6409CB0079361C /* LoginViewTextField.h */,
				C14529F31D6409CB0079361C /* LoginViewTextField.m */,
				CB1727311D20B945005DBE25 /* NSString+Tools.m */,
				CB17270E1D20B7FE005DBE25 /* AppDelegate.h */,
				CB17270F1D20B7FE005DBE25 /* AppDelegate.m */,
				CB1727111D20B7FE005DBE25 /* ViewController.h */,
				CB1727121D20B7FE005DBE25 /* ViewController.m */,
				C14529F51D6414800079361C /* sn_Cancel@2x.png */,
				C14529F61D6414800079361C /* sn_ic_key@2x.png */,
				CB1727141D20B7FE005DBE25 /* Main.storyboard */,
				CB1727171D20B7FE005DBE25 /* Assets.xcassets */,
				CB1727191D20B7FE005DBE25 /* LaunchScreen.storyboard */,
				CB17271C1D20B7FE005DBE25 /* Info.plist */,
				CB17270B1D20B7FE005DBE25 /* Supporting Files */,
			);
			name = textfield;
			path = "textfield只允许输入固定的个数";
			sourceTree = "<group>";
		};
		CB17270B1D20B7FE005DBE25 /* Supporting Files */ = {
			isa = PBXGroup;
			children = (
				CB17270C1D20B7FE005DBE25 /* main.m */,
			);
			name = "Supporting Files";
			sourceTree = "<group>";
		};
		CB1727241D20B7FE005DBE25 /* textfield只允许输入固定的个数UITests */ = {
			isa = PBXGroup;
			children = (
				CB1727251D20B7FE005DBE25 /* textfield__________UITests.m */,
				CB1727271D20B7FE005DBE25 /* Info.plist */,
			);
			path = "textfield只允许输入固定的个数UITests";
			sourceTree = "<group>";
		};
/* End PBXGroup section */

/* Begin PBXNativeTarget section */
		CB1727071D20B7FE005DBE25 /* MyTest */ = {
			isa = PBXNativeTarget;
			buildConfigurationList = CB17272A1D20B7FE005DBE25 /* Build configuration list for PBXNativeTarget "MyTest" */;
			buildPhases = (
				B040D0FB11D2047E98F7E8F9 /* [CP] Check Pods Manifest.lock */,
				CB1727041D20B7FE005DBE25 /* Sources */,
				CB1727051D20B7FE005DBE25 /* Frameworks */,
				CB1727061D20B7FE005DBE25 /* Resources */,
				912C9B310E6EA585A45CCACA /* [CP] Embed Pods Frameworks */,
				57295047970D487C14666384 /* [CP] Copy Pods Resources */,
			);
			buildRules = (
			);
			dependencies = (
			);
			name = MyTest;
			productName = "textfield只允许输入固定的个数";
			productReference = CB1727081D20B7FE005DBE25 /* MyTest.app */;
			productType = "com.apple.product-type.application";
		};
		CB1727201D20B7FE005DBE25 /* MyTestUITests */ = {
			isa = PBXNativeTarget;
			buildConfigurationList = CB17272D1D20B7FE005DBE25 /* Build configuration list for PBXNativeTarget "MyTestUITests" */;
			buildPhases = (
				CB17271D1D20B7FE005DBE25 /* Sources */,
				CB17271E1D20B7FE005DBE25 /* Frameworks */,
				CB17271F1D20B7FE005DBE25 /* Resources */,
			);
			buildRules = (
			);
			dependencies = (
				CB1727231D20B7FE005DBE25 /* PBXTargetDependency */,
			);
			name = MyTestUITests;
			productName = "textfield只允许输入固定的个数UITests";
			productReference = CB1727211D20B7FE005DBE25 /* MyTest.xctest */;
			productType = "com.apple.product-type.bundle.ui-testing";
		};
/* End PBXNativeTarget section */

/* Begin PBXProject section */
		CB1727001D20B7FE005DBE25 /* Project object */ = {
			isa = PBXProject;
			attributes = {
				LastUpgradeCheck = 0730;
				ORGANIZATIONNAME = zhou;
				TargetAttributes = {
					CB1727071D20B7FE005DBE25 = {
						CreatedOnToolsVersion = 7.3.1;
					};
					CB1727201D20B7FE005DBE25 = {
						CreatedOnToolsVersion = 7.3.1;
						TestTargetID = CB1727071D20B7FE005DBE25;
					};
				};
			};
			buildConfigurationList = CB1727031D20B7FE005DBE25 /* Build configuration list for PBXProject "MyTest" */;
			compatibilityVersion = "Xcode 3.2";
			developmentRegion = English;
			hasScannedForEncodings = 0;
			knownRegions = (
				en,
				Base,
			);
			mainGroup = CB1726FF1D20B7FE005DBE25;
			productRefGroup = CB1727091D20B7FE005DBE25 /* Products */;
			projectDirPath = "";
			projectRoot = "";
			targets = (
				CB1727071D20B7FE005DBE25 /* MyTest */,
				CB1727201D20B7FE005DBE25 /* MyTestUITests */,
			);
		};
/* End PBXProject section */

/* Begin PBXResourcesBuildPhase section */
		CB1727061D20B7FE005DBE25 /* Resources */ = {
			isa = PBXResourcesBuildPhase;
			buildActionMask = 2147483647;
			files = (
				CB17271B1D20B7FE005DBE25 /* LaunchScreen.storyboard in Resources */,
				CB1727181D20B7FE005DBE25 /* Assets.xcassets in Resources */,
				C14529F81D6414800079361C /* sn_ic_key@2x.png in Resources */,
				CB1727161D20B7FE005DBE25 /* Main.storyboard in Resources */,
				C14529F71D6414800079361C /* sn_Cancel@2x.png in Resources */,
			);
			runOnlyForDeploymentPostprocessing = 0;
		};
		CB17271F1D20B7FE005DBE25 /* Resources */ = {
			isa = PBXResourcesBuildPhase;
			buildActionMask = 2147483647;
			files = (
			);
			runOnlyForDeploymentPostprocessing = 0;
		};
/* End PBXResourcesBuildPhase section */

/* Begin PBXShellScriptBuildPhase section */
		57295047970D487C14666384 /* [CP] Copy Pods Resources */ = {
			isa = PBXShellScriptBuildPhase;
			buildActionMask = 2147483647;
			files = (
			);
			inputPaths = (
			);
			name = "[CP] Copy Pods Resources";
			outputPaths = (
			);
			runOnlyForDeploymentPostprocessing = 0;
			shellPath = /bin/sh;
			shellScript = "\"${SRCROOT}/Pods/Target Support Files/Pods-textfield/Pods-textfield-resources.sh\"\n";
			showEnvVarsInLog = 0;
		};
		912C9B310E6EA585A45CCACA /* [CP] Embed Pods Frameworks */ = {
			isa = PBXShellScriptBuildPhase;
			buildActionMask = 2147483647;
			files = (
			);
			inputPaths = (
			);
			name = "[CP] Embed Pods Frameworks";
			outputPaths = (
			);
			runOnlyForDeploymentPostprocessing = 0;
			shellPath = /bin/sh;
			shellScript = "\"${SRCROOT}/Pods/Target Support Files/Pods-textfield/Pods-textfield-frameworks.sh\"\n";
			showEnvVarsInLog = 0;
		};
		B040D0FB11D2047E98F7E8F9 /* [CP] Check Pods Manifest.lock */ = {
			isa = PBXShellScriptBuildPhase;
			buildActionMask = 2147483647;
			files = (
			);
			inputPaths = (
			);
			name = "[CP] Check Pods Manifest.lock";
			outputPaths = (
			);
			runOnlyForDeploymentPostprocessing = 0;
			shellPath = /bin/sh;
			shellScript = "diff \"${PODS_ROOT}/../Podfile.lock\" \"${PODS_ROOT}/Manifest.lock\" > /dev/null\nif [[ $? != 0 ]] ; then\n    cat << EOM\nerror: The sandbox is not in sync with the Podfile.lock. Run 'pod install' or update your CocoaPods installation.\nEOM\n    exit 1\nfi\n";
			showEnvVarsInLog = 0;
		};
/* End PBXShellScriptBuildPhase section */

/* Begin PBXSourcesBuildPhase section */
		CB1727041D20B7FE005DBE25 /* Sources */ = {
			isa = PBXSourcesBuildPhase;
			buildActionMask = 2147483647;
			files = (
				CB1727131D20B7FE005DBE25 /* ViewController.m in Sources */,
				CB1727101D20B7FE005DBE25 /* AppDelegate.m in Sources */,
				CB17270D1D20B7FE005DBE25 /* main.m in Sources */,
				C14529F41D6409CB0079361C /* LoginViewTextField.m in Sources */,
				CB1727321D20B945005DBE25 /* NSString+Tools.m in Sources */,
			);
			runOnlyForDeploymentPostprocessing = 0;
		};
		CB17271D1D20B7FE005DBE25 /* Sources */ = {
			isa = PBXSourcesBuildPhase;
			buildActionMask = 2147483647;
			files = (
				CB1727261D20B7FE005DBE25 /* textfield__________UITests.m in Sources */,
			);
			runOnlyForDeploymentPostprocessing = 0;
		};
/* End PBXSourcesBuildPhase section */

/* Begin PBXTargetDependency section */
		CB1727231D20B7FE005DBE25 /* PBXTargetDependency */ = {
			isa = PBXTargetDependency;
			target = CB1727071D20B7FE005DBE25 /* MyTest */;
			targetProxy = CB1727221D20B7FE005DBE25 /* PBXContainerItemProxy */;
		};
/* End PBXTargetDependency section */

/* Begin PBXVariantGroup section */
		CB1727141D20B7FE005DBE25 /* Main.storyboard */ = {
			isa = PBXVariantGroup;
			children = (
				CB1727151D20B7FE005DBE25 /* Base */,
			);
			name = Main.storyboard;
			sourceTree = "<group>";
		};
		CB1727191D20B7FE005DBE25 /* LaunchScreen.storyboard */ = {
			isa = PBXVariantGroup;
			children = (
				CB17271A1D20B7FE005DBE25 /* Base */,
			);
			name = LaunchScreen.storyboard;
			sourceTree = "<group>";
		};
/* End PBXVariantGroup section */

/* Begin XCBuildConfiguration section */
		CB1727281D20B7FE005DBE25 /* Debug */ = {
			isa = XCBuildConfiguration;
			buildSettings = {
				ALWAYS_SEARCH_USER_PATHS = NO;
				CLANG_ANALYZER_NONNULL = YES;
				CLANG_CXX_LANGUAGE_STANDARD = "gnu++0x";
				CLANG_CXX_LIBRARY = "libc++";
				CLANG_ENABLE_MODULES = YES;
				CLANG_ENABLE_OBJC_ARC = YES;
				CLANG_WARN_BOOL_CONVERSION = YES;
				CLANG_WARN_CONSTANT_CONVERSION = YES;
				CLANG_WARN_DIRECT_OBJC_ISA_USAGE = YES_ERROR;
				CLANG_WARN_EMPTY_BODY = YES;
				CLANG_WARN_ENUM_CONVERSION = YES;
				CLANG_WARN_INT_CONVERSION = YES;
				CLANG_WARN_OBJC_ROOT_CLASS = YES_ERROR;
				CLANG_WARN_UNREACHABLE_CODE = YES;
				CLANG_WARN__DUPLICATE_METHOD_MATCH = YES;
				"CODE_SIGN_IDENTITY[sdk=iphoneos*]" = "iPhone Developer";
				COPY_PHASE_STRIP = NO;
				DEBUG_INFORMATION_FORMAT = dwarf;
				ENABLE_STRICT_OBJC_MSGSEND = YES;
				ENABLE_TESTABILITY = YES;
				GCC_C_LANGUAGE_STANDARD = gnu99;
				GCC_DYNAMIC_NO_PIC = NO;
				GCC_NO_COMMON_BLOCKS = YES;
				GCC_OPTIMIZATION_LEVEL = 0;
				GCC_PREPROCESSOR_DEFINITIONS = (
					"DEBUG=1",
					"$(inherited)",
				);
				GCC_WARN_64_TO_32_BIT_CONVERSION = YES;
				GCC_WARN_ABOUT_RETURN_TYPE = YES_ERROR;
				GCC_WARN_UNDECLARED_SELECTOR = YES;
				GCC_WARN_UNINITIALIZED_AUTOS = YES_AGGRESSIVE;
				GCC_WARN_UNUSED_FUNCTION = YES;
				GCC_WARN_UNUSED_VARIABLE = YES;
				IPHONEOS_DEPLOYMENT_TARGET = 9.3;
				MTL_ENABLE_DEBUG_INFO = YES;
				ONLY_ACTIVE_ARCH = YES;
				SDKROOT = iphoneos;
			};
			name = Debug;
		};
		CB1727291D20B7FE005DBE25 /* Release */ = {
			isa = XCBuildConfiguration;
			buildSettings = {
				ALWAYS_SEARCH_USER_PATHS = NO;
				CLANG_ANALYZER_NONNULL = YES;
				CLANG_CXX_LANGUAGE_STANDARD = "gnu++0x";
				CLANG_CXX_LIBRARY = "libc++";
				CLANG_ENABLE_MODULES = YES;
				CLANG_ENABLE_OBJC_ARC = YES;
				CLANG_WARN_BOOL_CONVERSION = YES;
				CLANG_WARN_CONSTANT_CONVERSION = YES;
				CLANG_WARN_DIRECT_OBJC_ISA_USAGE = YES_ERROR;
				CLANG_WARN_EMPTY_BODY = YES;
				CLANG_WARN_ENUM_CONVERSION = YES;
				CLANG_WARN_INT_CONVERSION = YES;
				CLANG_WARN_OBJC_ROOT_CLASS = YES_ERROR;
				CLANG_WARN_UNREACHABLE_CODE = YES;
				CLANG_WARN__DUPLICATE_METHOD_MATCH = YES;
				"CODE_SIGN_IDENTITY[sdk=iphoneos*]" = "iPhone Developer";
				COPY_PHASE_STRIP = NO;
				DEBUG_INFORMATION_FORMAT = "dwarf-with-dsym";
				ENABLE_NS_ASSERTIONS = NO;
				ENABLE_STRICT_OBJC_MSGSEND = YES;
				GCC_C_LANGUAGE_STANDARD = gnu99;
				GCC_NO_COMMON_BLOCKS = YES;
				GCC_WARN_64_TO_32_BIT_CONVERSION = YES;
				GCC_WARN_ABOUT_RETURN_TYPE = YES_ERROR;
				GCC_WARN_UNDECLARED_SELECTOR = YES;
				GCC_WARN_UNINITIALIZED_AUTOS = YES_AGGRESSIVE;
				GCC_WARN_UNUSED_FUNCTION = YES;
				GCC_WARN_UNUSED_VARIABLE = YES;
				IPHONEOS_DEPLOYMENT_TARGET = 9.3;
				MTL_ENABLE_DEBUG_INFO = NO;
				SDKROOT = iphoneos;
				VALIDATE_PRODUCT = YES;
			};
			name = Release;
		};
		CB17272B1D20B7FE005DBE25 /* Debug */ = {
			isa = XCBuildConfiguration;
			baseConfigurationReference = 9873716429397AF399C9EB38 /* Pods-textfield.debug.xcconfig */;
			buildSettings = {
				ASSETCATALOG_COMPILER_APPICON_NAME = AppIcon;
				CODE_SIGN_IDENTITY = "iPhone Distribution";
				INFOPLIST_FILE = "textfield只允许输入固定的个数/Info.plist";
				LD_RUNPATH_SEARCH_PATHS = "$(inherited) @executable_path/Frameworks";
				PRODUCT_BUNDLE_IDENTIFIER = zhou.map;
				PRODUCT_NAME = MyTest;
				PROVISIONING_PROFILE = "82f84b0d-b015-4ce6-9500-5e8d6b921d42";
			};
			name = Debug;
		};
		CB17272C1D20B7FE005DBE25 /* Release */ = {
			isa = XCBuildConfiguration;
			baseConfigurationReference = 5D0649ACED2FD878E640D984 /* Pods-textfield.release.xcconfig */;
			buildSettings = {
				ASSETCATALOG_COMPILER_APPICON_NAME = AppIcon;
				CODE_SIGN_IDENTITY = "iPhone Distribution";
				INFOPLIST_FILE = "textfield只允许输入固定的个数/Info.plist";
				LD_RUNPATH_SEARCH_PATHS = "$(inherited) @executable_path/Frameworks";
				PRODUCT_BUNDLE_IDENTIFIER = zhou.map;
				PRODUCT_NAME = MyTest;
				PROVISIONING_PROFILE = "82f84b0d-b015-4ce6-9500-5e8d6b921d42";
			};
			name = Release;
		};
		CB17272E1D20B7FE005DBE25 /* Debug */ = {
			isa = XCBuildConfiguration;
			buildSettings = {
				INFOPLIST_FILE = "textfield只允许输入固定的个数UITests/Info.plist";
				LD_RUNPATH_SEARCH_PATHS = "$(inherited) @executable_path/Frameworks @loader_path/Frameworks";
				PRODUCT_BUNDLE_IDENTIFIER = "zhou.textfield----------UITests";
				PRODUCT_NAME = MyTest;
				TEST_TARGET_NAME = "textfield只允许输入固定的个数";
			};
			name = Debug;
		};
		CB17272F1D20B7FE005DBE25 /* Release */ = {
			isa = XCBuildConfiguration;
			buildSettings = {
				INFOPLIST_FILE = "textfield只允许输入固定的个数UITests/Info.plist";
				LD_RUNPATH_SEARCH_PATHS = "$(inherited) @executable_path/Frameworks @loader_path/Frameworks";
				PRODUCT_BUNDLE_IDENTIFIER = "zhou.textfield----------UITests";
				PRODUCT_NAME = MyTest;
				TEST_TARGET_NAME = "textfield只允许输入固定的个数";
			};
			name = Release;
		};
/* End XCBuildConfiguration section */

/* Begin XCConfigurationList section */
		CB1727031D20B7FE005DBE25 /* Build configuration list for PBXProject "MyTest" */ = {
			isa = XCConfigurationList;
			buildConfigurations = (
				CB1727281D20B7FE005DBE25 /* Debug */,
				CB1727291D20B7FE005DBE25 /* Release */,
			);
			defaultConfigurationIsVisible = 0;
			defaultConfigurationName = Release;
		};
		CB17272A1D20B7FE005DBE25 /* Build configuration list for PBXNativeTarget "MyTest" */ = {
			isa = XCConfigurationList;
			buildConfigurations = (
				CB17272B1D20B7FE005DBE25 /* Debug */,
				CB17272C1D20B7FE005DBE25 /* Release */,
			);
			defaultConfigurationIsVisible = 0;
			defaultConfigurationName = Release;
		};
		CB17272D1D20B7FE005DBE25 /* Build configuration list for PBXNativeTarget "MyTestUITests" */ = {
			isa = XCConfigurationList;
			buildConfigurations = (
				CB17272E1D20B7FE005DBE25 /* Debug */,
				CB17272F1D20B7FE005DBE25 /* Release */,
			);
			defaultConfigurationIsVisible = 0;
			defaultConfigurationName = Release;
		};
/* End XCConfigurationList section */
	};
	rootObject = CB1727001D20B7FE005DBE25 /* Project object */;
}
